// !$*UTF8*$!
{
	archiveVersion = 1;
	classes = {
	};
	objectVersion = 50;
	objects = {

/* Begin PBXBuildFile section */
		5AFD9ECB287BEFCC00F64357 /* AppDelegate.swift in Sources */ = {isa = PBXBuildFile; fileRef = 5AFD9ECA287BEFCC00F64357 /* AppDelegate.swift */; };
		5AFD9ECD287BEFCC00F64357 /* SceneDelegate.swift in Sources */ = {isa = PBXBuildFile; fileRef = 5AFD9ECC287BEFCC00F64357 /* SceneDelegate.swift */; };
		5AFD9ECF287BEFCC00F64357 /* ViewController.swift in Sources */ = {isa = PBXBuildFile; fileRef = 5AFD9ECE287BEFCC00F64357 /* ViewController.swift */; };
		5AFD9ED2287BEFCC00F64357 /* Main.storyboard in Resources */ = {isa = PBXBuildFile; fileRef = 5AFD9ED0287BEFCC00F64357 /* Main.storyboard */; };
		5AFD9ED5287BEFCC00F64357 /* Janken.xcdatamodeld in Sources */ = {isa = PBXBuildFile; fileRef = 5AFD9ED3287BEFCC00F64357 /* Janken.xcdatamodeld */; };
		5AFD9ED7287BEFCE00F64357 /* Assets.xcassets in Resources */ = {isa = PBXBuildFile; fileRef = 5AFD9ED6287BEFCE00F64357 /* Assets.xcassets */; };
		5AFD9EDA287BEFCE00F64357 /* LaunchScreen.storyboard in Resources */ = {isa = PBXBuildFile; fileRef = 5AFD9ED8287BEFCE00F64357 /* LaunchScreen.storyboard */; };
		5AFD9EE3287BF2B000F64357 /* BattleStart.wav in Resources */ = {isa = PBXBuildFile; fileRef = 5AFD9EE1287BF0A700F64357 /* BattleStart.wav */; };
/* End PBXBuildFile section */

/* Begin PBXFileReference section */
		5AFD9EC7287BEFCC00F64357 /* Janken.app */ = {isa = PBXFileReference; explicitFileType = wrapper.application; includeInIndex = 0; path = Janken.app; sourceTree = BUILT_PRODUCTS_DIR; };
		5AFD9ECA287BEFCC00F64357 /* AppDelegate.swift */ = {isa = PBXFileReference; lastKnownFileType = sourcecode.swift; path = AppDelegate.swift; sourceTree = "<group>"; };
		5AFD9ECC287BEFCC00F64357 /* SceneDelegate.swift */ = {isa = PBXFileReference; lastKnownFileType = sourcecode.swift; path = SceneDelegate.swift; sourceTree = "<group>"; };
		5AFD9ECE287BEFCC00F64357 /* ViewController.swift */ = {isa = PBXFileReference; lastKnownFileType = sourcecode.swift; path = ViewController.swift; sourceTree = "<group>"; };
		5AFD9ED1287BEFCC00F64357 /* Base */ = {isa = PBXFileReference; lastKnownFileType = file.storyboard; name = Base; path = Base.lproj/Main.storyboard; sourceTree = "<group>"; };
		5AFD9ED4287BEFCC00F64357 /* Janken.xcdatamodel */ = {isa = PBXFileReference; lastKnownFileType = wrapper.xcdatamodel; path = Janken.xcdatamodel; sourceTree = "<group>"; };
		5AFD9ED6287BEFCE00F64357 /* Assets.xcassets */ = {isa = PBXFileReference; lastKnownFileType = folder.assetcatalog; path = Assets.xcassets; sourceTree = "<group>"; };
		5AFD9ED9287BEFCE00F64357 /* Base */ = {isa = PBXFileReference; lastKnownFileType = file.storyboard; name = Base; path = Base.lproj/LaunchScreen.storyboard; sourceTree = "<group>"; };
		5AFD9EDB287BEFCE00F64357 /* Info.plist */ = {isa = PBXFileReference; lastKnownFileType = text.plist.xml; path = Info.plist; sourceTree = "<group>"; };
		5AFD9EE1287BF0A700F64357 /* BattleStart.wav */ = {isa = PBXFileReference; lastKnownFileType = audio.wav; path = BattleStart.wav; sourceTree = "<group>"; };
/* End PBXFileReference section */

/* Begin PBXFrameworksBuildPhase section */
		5AFD9EC4287BEFCC00F64357 /* Frameworks */ = {
			isa = PBXFrameworksBuildPhase;
			buildActionMask = 2147483647;
			files = (
			);
			runOnlyForDeploymentPostprocessing = 0;
		};
/* End PBXFrameworksBuildPhase section */

/* Begin PBXGroup section */
		5AFD9EBE287BEFCC00F64357 = {
			isa = PBXGroup;
			children = (
				5AFD9EC9287BEFCC00F64357 /* Janken */,
				5AFD9EC8287BEFCC00F64357 /* Products */,
			);
			sourceTree = "<group>";
		};
		5AFD9EC8287BEFCC00F64357 /* Products */ = {
			isa = PBXGroup;
			children = (
				5AFD9EC7287BEFCC00F64357 /* Janken.app */,
			);
			name = Products;
			sourceTree = "<group>";
		};
		5AFD9EC9287BEFCC00F64357 /* Janken */ = {
			isa = PBXGroup;
			children = (
				5AFD9ECA287BEFCC00F64357 /* AppDelegate.swift */,
				5AFD9ECC287BEFCC00F64357 /* SceneDelegate.swift */,
				5AFD9ECE287BEFCC00F64357 /* ViewController.swift */,
				5AFD9ED0287BEFCC00F64357 /* Main.storyboard */,
				5AFD9ED6287BEFCE00F64357 /* Assets.xcassets */,
				5AFD9ED8287BEFCE00F64357 /* LaunchScreen.storyboard */,
				5AFD9EDB287BEFCE00F64357 /* Info.plist */,
				5AFD9ED3287BEFCC00F64357 /* Janken.xcdatamodeld */,
				5AFD9EE1287BF0A700F64357 /* BattleStart.wav */,
			);
			path = Janken;
			sourceTree = "<group>";
		};
/* End PBXGroup section */

/* Begin PBXNativeTarget section */
		5AFD9EC6287BEFCC00F64357 /* Janken */ = {
			isa = PBXNativeTarget;
			buildConfigurationList = 5AFD9EDE287BEFCE00F64357 /* Build configuration list for PBXNativeTarget "Janken" */;
			buildPhases = (
				5AFD9EC3287BEFCC00F64357 /* Sources */,
				5AFD9EC4287BEFCC00F64357 /* Frameworks */,
				5AFD9EC5287BEFCC00F64357 /* Resources */,
			);
			buildRules = (
			);
			dependencies = (
			);
			name = Janken;
			productName = Janken;
			productReference = 5AFD9EC7287BEFCC00F64357 /* Janken.app */;
			productType = "com.apple.product-type.application";
		};
/* End PBXNativeTarget section */

/* Begin PBXProject section */
		5AFD9EBF287BEFCC00F64357 /* Project object */ = {
			isa = PBXProject;
			attributes = {
				LastSwiftUpdateCheck = 1250;
				LastUpgradeCheck = 1250;
				TargetAttributes = {
					5AFD9EC6287BEFCC00F64357 = {
						CreatedOnToolsVersion = 12.5.1;
					};
				};
			};
			buildConfigurationList = 5AFD9EC2287BEFCC00F64357 /* Build configuration list for PBXProject "Janken" */;
			compatibilityVersion = "Xcode 9.3";
			developmentRegion = en;
			hasScannedForEncodings = 0;
			knownRegions = (
				en,
				Base,
			);
			mainGroup = 5AFD9EBE287BEFCC00F64357;
			productRefGroup = 5AFD9EC8287BEFCC00F64357 /* Products */;
			projectDirPath = "";
			projectRoot = "";
			targets = (
				5AFD9EC6287BEFCC00F64357 /* Janken */,
			);
		};
/* End PBXProject section */

/* Begin PBXResourcesBuildPhase section */
		5AFD9EC5287BEFCC00F64357 /* Resources */ = {
			isa = PBXResourcesBuildPhase;
			buildActionMask = 2147483647;
			files = (
				5AFD9EDA287BEFCE00F64357 /* LaunchScreen.storyboard in Resources */,
				5AFD9EE3287BF2B000F64357 /* BattleStart.wav in Resources */,
				5AFD9ED7287BEFCE00F64357 /* Assets.xcassets in Resources */,
				5AFD9ED2287BEFCC00F64357 /* Main.storyboard in Resources */,
			);
			runOnlyForDeploymentPostprocessing = 0;
		};
/* End PBXResourcesBuildPhase section */

/* Begin PBXSourcesBuildPhase section */
		5AFD9EC3287BEFCC00F64357 /* Sources */ = {
			isa = PBXSourcesBuildPhase;
			buildActionMask = 2147483647;
			files = (
				5AFD9ECF287BEFCC00F64357 /* ViewController.swift in Sources */,
				5AFD9ECB287BEFCC00F64357 /* AppDelegate.swift in Sources */,
				5AFD9ED5287BEFCC00F64357 /* Janken.xcdatamodeld in Sources */,
				5AFD9ECD287BEFCC00F64357 /* SceneDelegate.swift in Sources */,
			);
			runOnlyForDeploymentPostprocessing = 0;
		};
/* End PBXSourcesBuildPhase section */

/* Begin PBXVariantGroup section */
		5AFD9ED0287BEFCC00F64357 /* Main.storyboard */ = {
			isa = PBXVariantGroup;
			children = (
				5AFD9ED1287BEFCC00F64357 /* Base */,
			);
			name = Main.storyboard;
			sourceTree = "<group>";
		};
		5AFD9ED8287BEFCE00F64357 /* LaunchScreen.storyboard */ = {
			isa = PBXVariantGroup;
			children = (
				5AFD9ED9287BEFCE00F64357 /* Base */,
			);
			name = LaunchScreen.storyboard;
			sourceTree = "<group>";
		};
/* End PBXVariantGroup section */

/* Begin XCBuildConfiguration section */
		5AFD9EDC287BEFCE00F64357 /* Debug */ = {
			isa = XCBuildConfiguration;
			buildSettings = {
				ALWAYS_SEARCH_USER_PATHS = NO;
				CLANG_ANALYZER_NONNULL = YES;
				CLANG_ANALYZER_NUMBER_OBJECT_CONVERSION = YES_AGGRESSIVE;
				CLANG_CXX_LANGUAGE_STANDARD = "gnu++14";
				CLANG_CXX_LIBRARY = "libc++";
				CLANG_ENABLE_MODULES = YES;
				CLANG_ENABLE_OBJC_ARC = YES;
				CLANG_ENABLE_OBJC_WEAK = YES;
				CLANG_WARN_BLOCK_CAPTURE_AUTORELEASING = YES;
				CLANG_WARN_BOOL_CONVERSION = YES;
				CLANG_WARN_COMMA = YES;
				CLANG_WARN_CONSTANT_CONVERSION = YES;
				CLANG_WARN_DEPRECATED_OBJC_IMPLEMENTATIONS = YES;
				CLANG_WARN_DIRECT_OBJC_ISA_USAGE = YES_ERROR;
				CLANG_WARN_DOCUMENTATION_COMMENTS = YES;
				CLANG_WARN_EMPTY_BODY = YES;
				CLANG_WARN_ENUM_CONVERSION = YES;
				CLANG_WARN_INFINITE_RECURSION = YES;
				CLANG_WARN_INT_CONVERSION = YES;
				CLANG_WARN_NON_LITERAL_NULL_CONVERSION = YES;
				CLANG_WARN_OBJC_IMPLICIT_RETAIN_SELF = YES;
				CLANG_WARN_OBJC_LITERAL_CONVERSION = YES;
				CLANG_WARN_OBJC_ROOT_CLASS = YES_ERROR;
				CLANG_WARN_QUOTED_INCLUDE_IN_FRAMEWORK_HEADER = YES;
				CLANG_WARN_RANGE_LOOP_ANALYSIS = YES;
				CLANG_WARN_STRICT_PROTOTYPES = YES;
				CLANG_WARN_SUSPICIOUS_MOVE = YES;
				CLANG_WARN_UNGUARDED_AVAILABILITY = YES_AGGRESSIVE;
				CLANG_WARN_UNREACHABLE_CODE = YES;
				CLANG_WARN__DUPLICATE_METHOD_MATCH = YES;
				COPY_PHASE_STRIP = NO;
				DEBUG_INFORMATION_FORMAT = dwarf;
				ENABLE_STRICT_OBJC_MSGSEND = YES;
				ENABLE_TESTABILITY = YES;
				GCC_C_LANGUAGE_STANDARD = gnu11;
				GCC_DYNAMIC_NO_PIC = NO;
				GCC_NO_COMMON_BLOCKS = YES;
				GCC_OPTIMIZATION_LEVEL = 0;
				GCC_PREPROCESSOR_DEFINITIONS = (
					"DEBUG=1",
					"$(inherited)",
				);
				GCC_WARN_64_TO_32_BIT_CONVERSION = YES;
				GCC_WARN_ABOUT_RETURN_TYPE = YES_ERROR;
				GCC_WARN_UNDECLARED_SELECTOR = YES;
				GCC_WARN_UNINITIALIZED_AUTOS = YES_AGGRESSIVE;
				GCC_WARN_UNUSED_FUNCTION = YES;
				GCC_WARN_UNUSED_VARIABLE = YES;
				IPHONEOS_DEPLOYMENT_TARGET = 14.5;
				MTL_ENABLE_DEBUG_INFO = INCLUDE_SOURCE;
				MTL_FAST_MATH = YES;
				ONLY_ACTIVE_ARCH = YES;
				SDKROOT = iphoneos;
				SWIFT_ACTIVE_COMPILATION_CONDITIONS = DEBUG;
				SWIFT_OPTIMIZATION_LEVEL = "-Onone";
			};
			name = Debug;
		};
		5AFD9EDD287BEFCE00F64357 /* Release */ = {
			isa = XCBuildConfiguration;
			buildSettings = {
				ALWAYS_SEARCH_USER_PATHS = NO;
				CLANG_ANALYZER_NONNULL = YES;
				CLANG_ANALYZER_NUMBER_OBJECT_CONVERSION = YES_AGGRESSIVE;
				CLANG_CXX_LANGUAGE_STANDARD = "gnu++14";
				CLANG_CXX_LIBRARY = "libc++";
				CLANG_ENABLE_MODULES = YES;
				CLANG_ENABLE_OBJC_ARC = YES;
				CLANG_ENABLE_OBJC_WEAK = YES;
				CLANG_WARN_BLOCK_CAPTURE_AUTORELEASING = YES;
				CLANG_WARN_BOOL_CONVERSION = YES;
				CLANG_WARN_COMMA = YES;
				CLANG_WARN_CONSTANT_CONVERSION = YES;
				CLANG_WARN_DEPRECATED_OBJC_IMPLEMENTATIONS = YES;
				CLANG_WARN_DIRECT_OBJC_ISA_USAGE = YES_ERROR;
				CLANG_WARN_DOCUMENTATION_COMMENTS = YES;
				CLANG_WARN_EMPTY_BODY = YES;
				CLANG_WARN_ENUM_CONVERSION = YES;
				CLANG_WARN_INFINITE_RECURSION = YES;
				CLANG_WARN_INT_CONVERSION = YES;
				CLANG_WARN_NON_LITERAL_NULL_CONVERSION = YES;
				CLANG_WARN_OBJC_IMPLICIT_RETAIN_SELF = YES;
				CLANG_WARN_OBJC_LITERAL_CONVERSION = YES;
				CLANG_WARN_OBJC_ROOT_CLASS = YES_ERROR;
				CLANG_WARN_QUOTED_INCLUDE_IN_FRAMEWORK_HEADER = YES;
				CLANG_WARN_RANGE_LOOP_ANALYSIS = YES;
				CLANG_WARN_STRICT_PROTOTYPES = YES;
				CLANG_WARN_SUSPICIOUS_MOVE = YES;
				CLANG_WARN_UNGUARDED_AVAILABILITY = YES_AGGRESSIVE;
				CLANG_WARN_UNREACHABLE_CODE = YES;
				CLANG_WARN__DUPLICATE_METHOD_MATCH = YES;
				COPY_PHASE_STRIP = NO;
				DEBUG_INFORMATION_FORMAT = "dwarf-with-dsym";
				ENABLE_NS_ASSERTIONS = NO;
				ENABLE_STRICT_OBJC_MSGSEND = YES;
				GCC_C_LANGUAGE_STANDARD = gnu11;
				GCC_NO_COMMON_BLOCKS = YES;
				GCC_WARN_64_TO_32_BIT_CONVERSION = YES;
				GCC_WARN_ABOUT_RETURN_TYPE = YES_ERROR;
				GCC_WARN_UNDECLARED_SELECTOR = YES;
				GCC_WARN_UNINITIALIZED_AUTOS = YES_AGGRESSIVE;
				GCC_WARN_UNUSED_FUNCTION = YES;
				GCC_WARN_UNUSED_VARIABLE = YES;
				IPHONEOS_DEPLOYMENT_TARGET = 14.5;
				MTL_ENABLE_DEBUG_INFO = NO;
				MTL_FAST_MATH = YES;
				SDKROOT = iphoneos;
				SWIFT_COMPILATION_MODE = wholemodule;
				SWIFT_OPTIMIZATION_LEVEL = "-O";
				VALIDATE_PRODUCT = YES;
			};
			name = Release;
		};
		5AFD9EDF287BEFCE00F64357 /* Debug */ = {
			isa = XCBuildConfiguration;
			buildSettings = {
				ASSETCATALOG_COMPILER_APPICON_NAME = AppIcon;
				ASSETCATALOG_COMPILER_GLOBAL_ACCENT_COLOR_NAME = AccentColor;
				CODE_SIGN_STYLE = Automatic;
				DEVELOPMENT_TEAM = 5GJUK72LKZ;
				INFOPLIST_FILE = Janken/Info.plist;
				LD_RUNPATH_SEARCH_PATHS = (
					"$(inherited)",
					"@executable_path/Frameworks",
				);
				PRODUCT_BUNDLE_IDENTIFIER = reolch.Janken;
				PRODUCT_NAME = "$(TARGET_NAME)";
				SWIFT_VERSION = 5.0;
				TARGETED_DEVICE_FAMILY = "1,2";
			};
			name = Debug;
		};
		5AFD9EE0287BEFCE00F64357 /* Release */ = {
			isa = XCBuildConfiguration;
			buildSettings = {
				ASSETCATALOG_COMPILER_APPICON_NAME = AppIcon;
				ASSETCATALOG_COMPILER_GLOBAL_ACCENT_COLOR_NAME = AccentColor;
				CODE_SIGN_STYLE = Automatic;
				DEVELOPMENT_TEAM = 5GJUK72LKZ;
				INFOPLIST_FILE = Janken/Info.plist;
				LD_RUNPATH_SEARCH_PATHS = (
					"$(inherited)",
					"@executable_path/Frameworks",
				);
				PRODUCT_BUNDLE_IDENTIFIER = reolch.Janken;
				PRODUCT_NAME = "$(TARGET_NAME)";
				SWIFT_VERSION = 5.0;
				TARGETED_DEVICE_FAMILY = "1,2";
			};
			name = Release;
		};
/* End XCBuildConfiguration section */

/* Begin XCConfigurationList section */
		5AFD9EC2287BEFCC00F64357 /* Build configuration list for PBXProject "Janken" */ = {
			isa = XCConfigurationList;
			buildConfigurations = (
				5AFD9EDC287BEFCE00F64357 /* Debug */,
				5AFD9EDD287BEFCE00F64357 /* Release */,
			);
			defaultConfigurationIsVisible = 0;
			defaultConfigurationName = Release;
		};
		5AFD9EDE287BEFCE00F64357 /* Build configuration list for PBXNativeTarget "Janken" */ = {
			isa = XCConfigurationList;
			buildConfigurations = (
				5AFD9EDF287BEFCE00F64357 /* Debug */,
				5AFD9EE0287BEFCE00F64357 /* Release */,
			);
			defaultConfigurationIsVisible = 0;
			defaultConfigurationName = Release;
		};
/* End XCConfigurationList section */

/* Begin XCVersionGroup section */
		5AFD9ED3287BEFCC00F64357 /* Janken.xcdatamodeld */ = {
			isa = XCVersionGroup;
			children = (
				5AFD9ED4287BEFCC00F64357 /* Janken.xcdatamodel */,
			);
			currentVersion = 5AFD9ED4287BEFCC00F64357 /* Janken.xcdatamodel */;
			path = Janken.xcdatamodeld;
			sourceTree = "<group>";
			versionGroupType = wrapper.xcdatamodel;
		};
/* End XCVersionGroup section */
	};
	rootObject = 5AFD9EBF287BEFCC00F64357 /* Project object */;
}
